
Microsoft Visual Studio Solution File, Format Version 12.00
# Visual Studio Version 17
VisualStudioVersion = 17.6.33815.320
MinimumVisualStudioVersion = 10.0.40219.1
Project("{FAE04EC0-301F-11D3-BF4B-00C04F79EFBC}") = "TechVagas_EstagioTech", "TechVagas_EstagioTech\TechVagas_EstagioTech.csproj", "{2CEBACEE-B176-44B8-9D55-055B1EE05A85}"
EndProject
Global
	GlobalSection(SolutionConfigurationPlatforms) = preSolution
		Debug|Any CPU = Debug|Any CPU
		Release|Any CPU = Release|Any CPU
	EndGlobalSection
	GlobalSection(ProjectConfigurationPlatforms) = postSolution
		{2CEBACEE-B176-44B8-9D55-055B1EE05A85}.Debug|Any CPU.ActiveCfg = Debug|Any CPU
		{2CEBACEE-B176-44B8-9D55-055B1EE05A85}.Debug|Any CPU.Build.0 = Debug|Any CPU
		{2CEBACEE-B176-44B8-9D55-055B1EE05A85}.Release|Any CPU.ActiveCfg = Release|Any CPU
		{2CEBACEE-B176-44B8-9D55-055B1EE05A85}.Release|Any CPU.Build.0 = Release|Any CPU
	EndGlobalSection
	GlobalSection(SolutionProperties) = preSolution
		HideSolutionNode = FALSE
	EndGlobalSection
	GlobalSection(ExtensibilityGlobals) = postSolution
		SolutionGuid = {F6762437-D52E-4FE5-934E-363A9783BB9A}
	EndGlobalSection
EndGlobal
